
Microsoft Visual Studio Solution File, Format Version 12.00
# Visual Studio Version 17
VisualStudioVersion = 17.0.32126.317
MinimumVisualStudioVersion = 10.0.40219.1
Project("{FAE04EC0-301F-11D3-BF4B-00C04F79EFBC}") = "WithLithum.Core.Response", "WithLithum.Core.Response\WithLithum.Core.Response.csproj", "{DFBBB227-B413-405E-BFDF-33821964A62D}"
EndProject
Global
	GlobalSection(SolutionConfigurationPlatforms) = preSolution
		Debug|Any CPU = Debug|Any CPU
		Release|Any CPU = Release|Any CPU
	EndGlobalSection
	GlobalSection(ProjectConfigurationPlatforms) = postSolution
		{DFBBB227-B413-405E-BFDF-33821964A62D}.Debug|Any CPU.ActiveCfg = Debug|Any CPU
		{DFBBB227-B413-405E-BFDF-33821964A62D}.Debug|Any CPU.Build.0 = Debug|Any CPU
		{DFBBB227-B413-405E-BFDF-33821964A62D}.Release|Any CPU.ActiveCfg = Release|Any CPU
		{DFBBB227-B413-405E-BFDF-33821964A62D}.Release|Any CPU.Build.0 = Release|Any CPU
	EndGlobalSection
	GlobalSection(SolutionProperties) = preSolution
		HideSolutionNode = FALSE
	EndGlobalSection
	GlobalSection(ExtensibilityGlobals) = postSolution
		SolutionGuid = {B49687C2-8CA5-4C35-8F08-ECB3734E1FF9}
	EndGlobalSection
EndGlobal
